
Microsoft Visual Studio Solution File, Format Version 12.00
# Visual Studio Version 17
VisualStudioVersion = 17.8.34322.80
MinimumVisualStudioVersion = 10.0.40219.1
Project("{9A19103F-16F7-4668-BE54-9A1E7A4F7556}") = "MailClient", "MailClient.csproj", "{2DAFB5FD-E47F-4A32-BF2A-2299EFE1E5A8}"
EndProject
Global
	GlobalSection(SolutionConfigurationPlatforms) = preSolution
		Debug|Any CPU = Debug|Any CPU
		Release|Any CPU = Release|Any CPU
	EndGlobalSection
	GlobalSection(ProjectConfigurationPlatforms) = postSolution
		{2DAFB5FD-E47F-4A32-BF2A-2299EFE1E5A8}.Debug|Any CPU.ActiveCfg = Debug|Any CPU
		{2DAFB5FD-E47F-4A32-BF2A-2299EFE1E5A8}.Debug|Any CPU.Build.0 = Debug|Any CPU
		{2DAFB5FD-E47F-4A32-BF2A-2299EFE1E5A8}.Release|Any CPU.ActiveCfg = Release|Any CPU
		{2DAFB5FD-E47F-4A32-BF2A-2299EFE1E5A8}.Release|Any CPU.Build.0 = Release|Any CPU
	EndGlobalSection
	GlobalSection(SolutionProperties) = preSolution
		HideSolutionNode = FALSE
	EndGlobalSection
	GlobalSection(ExtensibilityGlobals) = postSolution
		SolutionGuid = {B0EF2485-771F-4ACD-8DD9-F728DA290EA9}
	EndGlobalSection
EndGlobal
