
Microsoft Visual Studio Solution File, Format Version 12.00
# Visual Studio Version 17
VisualStudioVersion = 17.8.34322.80
MinimumVisualStudioVersion = 10.0.40219.1
Project("{9A19103F-16F7-4668-BE54-9A1E7A4F7556}") = "01.MonsterExtermination", "01.MonsterExtermination\01.MonsterExtermination.csproj", "{14640EF0-1A64-4B55-B389-2563BA1804D3}"
EndProject
Project("{9A19103F-16F7-4668-BE54-9A1E7A4F7556}") = "01.TempleOfDoom", "01.TempleOfDoom\01.TempleOfDoom.csproj", "{B0A45796-20DB-4BFD-AED5-270842D694E6}"
EndProject
Project("{9A19103F-16F7-4668-BE54-9A1E7A4F7556}") = "02.Garden", "02.Garden\02.Garden.csproj", "{99506FDB-E675-47BE-B971-72C7276ED3B8}"
EndProject
Project("{9A19103F-16F7-4668-BE54-9A1E7A4F7556}") = "02.MouseInTheKitchen", "02.MouseInTheKitchen\02.MouseInTheKitchen.csproj", "{05C412D0-077E-4D07-8307-4B98CB5830FD}"
EndProject
Project("{9A19103F-16F7-4668-BE54-9A1E7A4F7556}") = "02.TheSquirrel", "02.TheSquirrel\02.TheSquirrel.csproj", "{48B6FE21-772A-46CB-A1FF-D34394E8299D}"
EndProject
Project("{9A19103F-16F7-4668-BE54-9A1E7A4F7556}") = "01.RubberDuckDebuggers", "01.RubberDuckDebuggers\01.RubberDuckDebuggers.csproj", "{45EFF70F-1B26-4BA7-9A7F-048D6397C24A}"
EndProject
Project("{9A19103F-16F7-4668-BE54-9A1E7A4F7556}") = "02.Survivor", "02.Survivor\02.Survivor.csproj", "{C0FEE103-C1EE-4ACE-9418-E5C8984D6741}"
EndProject
Project("{9A19103F-16F7-4668-BE54-9A1E7A4F7556}") = "02.DeliveryBoy", "02.DeliveryBoy\02.DeliveryBoy.csproj", "{5CC6E65B-DE14-4A99-ACE2-CD5BFE9D451B}"
EndProject
Project("{9A19103F-16F7-4668-BE54-9A1E7A4F7556}") = "01.WormsAndHoles", "01.WormsAndHoles\01.WormsAndHoles.csproj", "{74EB57A1-0657-4AF2-B2D2-44EE68E9748A}"
EndProject
Project("{9A19103F-16F7-4668-BE54-9A1E7A4F7556}") = "01.OffroadChallenge", "01.OffroadChallenge\01.OffroadChallenge.csproj", "{5BCF3514-6E1E-45EA-9772-55CB951C4EDA}"
EndProject
Project("{9A19103F-16F7-4668-BE54-9A1E7A4F7556}") = "01.ApocalypsePreparation", "01.ApocalypsePreparation\01.ApocalypsePreparation.csproj", "{CE169764-E75D-4ACA-8966-80EA7DC9DD6E}"
EndProject
Project("{9A19103F-16F7-4668-BE54-9A1E7A4F7556}") = "01.ClimbThePeaks", "01.ClimbThePeaks\01.ClimbThePeaks.csproj", "{A749A60A-0A46-4131-B8FA-E64B7888DD0D}"
EndProject
Project("{9A19103F-16F7-4668-BE54-9A1E7A4F7556}") = "01.BaristaContest", "01.BaristaContest\01.BaristaContest.csproj", "{4B621DD4-79AE-44ED-9BD0-A2D6C41EDDC0}"
EndProject
Project("{9A19103F-16F7-4668-BE54-9A1E7A4F7556}") = "01.TilesMaster", "01.TilesMaster\01.TilesMaster.csproj", "{F497461F-73EA-4499-84DC-C673BCA36AB3}"
EndProject
Project("{9A19103F-16F7-4668-BE54-9A1E7A4F7556}") = "01.MealPlan", "01.MealPlan\01.MealPlan.csproj", "{9BFF35D2-B5B6-49AF-99F7-2FF56B24B8BF}"
EndProject
Project("{9A19103F-16F7-4668-BE54-9A1E7A4F7556}") = "01.BakeryShop", "01.BakeryShop\01.BakeryShop.csproj", "{4E6872C3-3115-405A-81FD-F0302BC79AE6}"
EndProject
Project("{9A19103F-16F7-4668-BE54-9A1E7A4F7556}") = "01.Blacksmith", "01.Blacksmith\01.Blacksmith.csproj", "{0C489D69-2C92-4585-94DB-53AB873DA973}"
EndProject
Project("{9A19103F-16F7-4668-BE54-9A1E7A4F7556}") = "01.FoodFinder", "01.FoodFinder\01.FoodFinder.csproj", "{532D8DC9-EADB-4486-8D87-92D9B1AC7AE2}"
EndProject
Project("{9A19103F-16F7-4668-BE54-9A1E7A4F7556}") = "01.BirthdayCelebration", "01.BirthdayCelebration\01.BirthdayCelebration.csproj", "{EFFDF968-38D5-4694-A133-2AC7DADE4E92}"
EndProject
Project("{9A19103F-16F7-4668-BE54-9A1E7A4F7556}") = "02.FishingCompetition", "02.FishingCompetition\02.FishingCompetition.csproj", "{83443E66-CAE1-4A52-BF69-9F8674941302}"
EndProject
Project("{9A19103F-16F7-4668-BE54-9A1E7A4F7556}") = "02.TheGambler", "02.TheGambler\02.TheGambler.csproj", "{81017215-5887-4D76-933A-5E1898F7BB4B}"
EndProject
Project("{9A19103F-16F7-4668-BE54-9A1E7A4F7556}") = "02.BlindMan'sBuff", "02.BlindMan'sBuff\02.BlindMan'sBuff.csproj", "{EF049433-DD77-4B07-97BC-BADB3566071F}"
EndProject
Project("{9A19103F-16F7-4668-BE54-9A1E7A4F7556}") = "02.NavyBattle", "02.NavyBattle\02.NavyBattle.csproj", "{FC090651-5809-432E-8144-2A588E362290}"
EndProject
Project("{9A19103F-16F7-4668-BE54-9A1E7A4F7556}") = "02.Help-A-Mole", "02.Help-A-Mole\02.Help-A-Mole.csproj", "{B486514F-93E3-431D-92DA-5D68A0DE75AD}"
EndProject
Global
	GlobalSection(SolutionConfigurationPlatforms) = preSolution
		Debug|Any CPU = Debug|Any CPU
		Release|Any CPU = Release|Any CPU
	EndGlobalSection
	GlobalSection(ProjectConfigurationPlatforms) = postSolution
		{14640EF0-1A64-4B55-B389-2563BA1804D3}.Debug|Any CPU.ActiveCfg = Debug|Any CPU
		{14640EF0-1A64-4B55-B389-2563BA1804D3}.Debug|Any CPU.Build.0 = Debug|Any CPU
		{14640EF0-1A64-4B55-B389-2563BA1804D3}.Release|Any CPU.ActiveCfg = Release|Any CPU
		{14640EF0-1A64-4B55-B389-2563BA1804D3}.Release|Any CPU.Build.0 = Release|Any CPU
		{B0A45796-20DB-4BFD-AED5-270842D694E6}.Debug|Any CPU.ActiveCfg = Debug|Any CPU
		{B0A45796-20DB-4BFD-AED5-270842D694E6}.Debug|Any CPU.Build.0 = Debug|Any CPU
		{B0A45796-20DB-4BFD-AED5-270842D694E6}.Release|Any CPU.ActiveCfg = Release|Any CPU
		{B0A45796-20DB-4BFD-AED5-270842D694E6}.Release|Any CPU.Build.0 = Release|Any CPU
		{99506FDB-E675-47BE-B971-72C7276ED3B8}.Debug|Any CPU.ActiveCfg = Debug|Any CPU
		{99506FDB-E675-47BE-B971-72C7276ED3B8}.Debug|Any CPU.Build.0 = Debug|Any CPU
		{99506FDB-E675-47BE-B971-72C7276ED3B8}.Release|Any CPU.ActiveCfg = Release|Any CPU
		{99506FDB-E675-47BE-B971-72C7276ED3B8}.Release|Any CPU.Build.0 = Release|Any CPU
		{05C412D0-077E-4D07-8307-4B98CB5830FD}.Debug|Any CPU.ActiveCfg = Debug|Any CPU
		{05C412D0-077E-4D07-8307-4B98CB5830FD}.Debug|Any CPU.Build.0 = Debug|Any CPU
		{05C412D0-077E-4D07-8307-4B98CB5830FD}.Release|Any CPU.ActiveCfg = Release|Any CPU
		{05C412D0-077E-4D07-8307-4B98CB5830FD}.Release|Any CPU.Build.0 = Release|Any CPU
		{48B6FE21-772A-46CB-A1FF-D34394E8299D}.Debug|Any CPU.ActiveCfg = Debug|Any CPU
		{48B6FE21-772A-46CB-A1FF-D34394E8299D}.Debug|Any CPU.Build.0 = Debug|Any CPU
		{48B6FE21-772A-46CB-A1FF-D34394E8299D}.Release|Any CPU.ActiveCfg = Release|Any CPU
		{48B6FE21-772A-46CB-A1FF-D34394E8299D}.Release|Any CPU.Build.0 = Release|Any CPU
		{45EFF70F-1B26-4BA7-9A7F-048D6397C24A}.Debug|Any CPU.ActiveCfg = Debug|Any CPU
		{45EFF70F-1B26-4BA7-9A7F-048D6397C24A}.Debug|Any CPU.Build.0 = Debug|Any CPU
		{45EFF70F-1B26-4BA7-9A7F-048D6397C24A}.Release|Any CPU.ActiveCfg = Release|Any CPU
		{45EFF70F-1B26-4BA7-9A7F-048D6397C24A}.Release|Any CPU.Build.0 = Release|Any CPU
		{C0FEE103-C1EE-4ACE-9418-E5C8984D6741}.Debug|Any CPU.ActiveCfg = Debug|Any CPU
		{C0FEE103-C1EE-4ACE-9418-E5C8984D6741}.Debug|Any CPU.Build.0 = Debug|Any CPU
		{C0FEE103-C1EE-4ACE-9418-E5C8984D6741}.Release|Any CPU.ActiveCfg = Release|Any CPU
		{C0FEE103-C1EE-4ACE-9418-E5C8984D6741}.Release|Any CPU.Build.0 = Release|Any CPU
		{5CC6E65B-DE14-4A99-ACE2-CD5BFE9D451B}.Debug|Any CPU.ActiveCfg = Debug|Any CPU
		{5CC6E65B-DE14-4A99-ACE2-CD5BFE9D451B}.Debug|Any CPU.Build.0 = Debug|Any CPU
		{5CC6E65B-DE14-4A99-ACE2-CD5BFE9D451B}.Release|Any CPU.ActiveCfg = Release|Any CPU
		{5CC6E65B-DE14-4A99-ACE2-CD5BFE9D451B}.Release|Any CPU.Build.0 = Release|Any CPU
		{74EB57A1-0657-4AF2-B2D2-44EE68E9748A}.Debug|Any CPU.ActiveCfg = Debug|Any CPU
		{74EB57A1-0657-4AF2-B2D2-44EE68E9748A}.Debug|Any CPU.Build.0 = Debug|Any CPU
		{74EB57A1-0657-4AF2-B2D2-44EE68E9748A}.Release|Any CPU.ActiveCfg = Release|Any CPU
		{74EB57A1-0657-4AF2-B2D2-44EE68E9748A}.Release|Any CPU.Build.0 = Release|Any CPU
		{5BCF3514-6E1E-45EA-9772-55CB951C4EDA}.Debug|Any CPU.ActiveCfg = Debug|Any CPU
		{5BCF3514-6E1E-45EA-9772-55CB951C4EDA}.Debug|Any CPU.Build.0 = Debug|Any CPU
		{5BCF3514-6E1E-45EA-9772-55CB951C4EDA}.Release|Any CPU.ActiveCfg = Release|Any CPU
		{5BCF3514-6E1E-45EA-9772-55CB951C4EDA}.Release|Any CPU.Build.0 = Release|Any CPU
		{CE169764-E75D-4ACA-8966-80EA7DC9DD6E}.Debug|Any CPU.ActiveCfg = Debug|Any CPU
		{CE169764-E75D-4ACA-8966-80EA7DC9DD6E}.Debug|Any CPU.Build.0 = Debug|Any CPU
		{CE169764-E75D-4ACA-8966-80EA7DC9DD6E}.Release|Any CPU.ActiveCfg = Release|Any CPU
		{CE169764-E75D-4ACA-8966-80EA7DC9DD6E}.Release|Any CPU.Build.0 = Release|Any CPU
		{A749A60A-0A46-4131-B8FA-E64B7888DD0D}.Debug|Any CPU.ActiveCfg = Debug|Any CPU
		{A749A60A-0A46-4131-B8FA-E64B7888DD0D}.Debug|Any CPU.Build.0 = Debug|Any CPU
		{A749A60A-0A46-4131-B8FA-E64B7888DD0D}.Release|Any CPU.ActiveCfg = Release|Any CPU
		{A749A60A-0A46-4131-B8FA-E64B7888DD0D}.Release|Any CPU.Build.0 = Release|Any CPU
		{4B621DD4-79AE-44ED-9BD0-A2D6C41EDDC0}.Debug|Any CPU.ActiveCfg = Debug|Any CPU
		{4B621DD4-79AE-44ED-9BD0-A2D6C41EDDC0}.Debug|Any CPU.Build.0 = Debug|Any CPU
		{4B621DD4-79AE-44ED-9BD0-A2D6C41EDDC0}.Release|Any CPU.ActiveCfg = Release|Any CPU
		{4B621DD4-79AE-44ED-9BD0-A2D6C41EDDC0}.Release|Any CPU.Build.0 = Release|Any CPU
		{F497461F-73EA-4499-84DC-C673BCA36AB3}.Debug|Any CPU.ActiveCfg = Debug|Any CPU
		{F497461F-73EA-4499-84DC-C673BCA36AB3}.Debug|Any CPU.Build.0 = Debug|Any CPU
		{F497461F-73EA-4499-84DC-C673BCA36AB3}.Release|Any CPU.ActiveCfg = Release|Any CPU
		{F497461F-73EA-4499-84DC-C673BCA36AB3}.Release|Any CPU.Build.0 = Release|Any CPU
		{9BFF35D2-B5B6-49AF-99F7-2FF56B24B8BF}.Debug|Any CPU.ActiveCfg = Debug|Any CPU
		{9BFF35D2-B5B6-49AF-99F7-2FF56B24B8BF}.Debug|Any CPU.Build.0 = Debug|Any CPU
		{9BFF35D2-B5B6-49AF-99F7-2FF56B24B8BF}.Release|Any CPU.ActiveCfg = Release|Any CPU
		{9BFF35D2-B5B6-49AF-99F7-2FF56B24B8BF}.Release|Any CPU.Build.0 = Release|Any CPU
		{4E6872C3-3115-405A-81FD-F0302BC79AE6}.Debug|Any CPU.ActiveCfg = Debug|Any CPU
		{4E6872C3-3115-405A-81FD-F0302BC79AE6}.Debug|Any CPU.Build.0 = Debug|Any CPU
		{4E6872C3-3115-405A-81FD-F0302BC79AE6}.Release|Any CPU.ActiveCfg = Release|Any CPU
		{4E6872C3-3115-405A-81FD-F0302BC79AE6}.Release|Any CPU.Build.0 = Release|Any CPU
		{0C489D69-2C92-4585-94DB-53AB873DA973}.Debug|Any CPU.ActiveCfg = Debug|Any CPU
		{0C489D69-2C92-4585-94DB-53AB873DA973}.Debug|Any CPU.Build.0 = Debug|Any CPU
		{0C489D69-2C92-4585-94DB-53AB873DA973}.Release|Any CPU.ActiveCfg = Release|Any CPU
		{0C489D69-2C92-4585-94DB-53AB873DA973}.Release|Any CPU.Build.0 = Release|Any CPU
		{532D8DC9-EADB-4486-8D87-92D9B1AC7AE2}.Debug|Any CPU.ActiveCfg = Debug|Any CPU
		{532D8DC9-EADB-4486-8D87-92D9B1AC7AE2}.Debug|Any CPU.Build.0 = Debug|Any CPU
		{532D8DC9-EADB-4486-8D87-92D9B1AC7AE2}.Release|Any CPU.ActiveCfg = Release|Any CPU
		{532D8DC9-EADB-4486-8D87-92D9B1AC7AE2}.Release|Any CPU.Build.0 = Release|Any CPU
		{EFFDF968-38D5-4694-A133-2AC7DADE4E92}.Debug|Any CPU.ActiveCfg = Debug|Any CPU
		{EFFDF968-38D5-4694-A133-2AC7DADE4E92}.Debug|Any CPU.Build.0 = Debug|Any CPU
		{EFFDF968-38D5-4694-A133-2AC7DADE4E92}.Release|Any CPU.ActiveCfg = Release|Any CPU
		{EFFDF968-38D5-4694-A133-2AC7DADE4E92}.Release|Any CPU.Build.0 = Release|Any CPU
		{83443E66-CAE1-4A52-BF69-9F8674941302}.Debug|Any CPU.ActiveCfg = Debug|Any CPU
		{83443E66-CAE1-4A52-BF69-9F8674941302}.Debug|Any CPU.Build.0 = Debug|Any CPU
		{83443E66-CAE1-4A52-BF69-9F8674941302}.Release|Any CPU.ActiveCfg = Release|Any CPU
		{83443E66-CAE1-4A52-BF69-9F8674941302}.Release|Any CPU.Build.0 = Release|Any CPU
		{81017215-5887-4D76-933A-5E1898F7BB4B}.Debug|Any CPU.ActiveCfg = Debug|Any CPU
		{81017215-5887-4D76-933A-5E1898F7BB4B}.Debug|Any CPU.Build.0 = Debug|Any CPU
		{81017215-5887-4D76-933A-5E1898F7BB4B}.Release|Any CPU.ActiveCfg = Release|Any CPU
		{81017215-5887-4D76-933A-5E1898F7BB4B}.Release|Any CPU.Build.0 = Release|Any CPU
		{EF049433-DD77-4B07-97BC-BADB3566071F}.Debug|Any CPU.ActiveCfg = Debug|Any CPU
		{EF049433-DD77-4B07-97BC-BADB3566071F}.Debug|Any CPU.Build.0 = Debug|Any CPU
		{EF049433-DD77-4B07-97BC-BADB3566071F}.Release|Any CPU.ActiveCfg = Release|Any CPU
		{EF049433-DD77-4B07-97BC-BADB3566071F}.Release|Any CPU.Build.0 = Release|Any CPU
		{FC090651-5809-432E-8144-2A588E362290}.Debug|Any CPU.ActiveCfg = Debug|Any CPU
		{FC090651-5809-432E-8144-2A588E362290}.Debug|Any CPU.Build.0 = Debug|Any CPU
		{FC090651-5809-432E-8144-2A588E362290}.Release|Any CPU.ActiveCfg = Release|Any CPU
		{FC090651-5809-432E-8144-2A588E362290}.Release|Any CPU.Build.0 = Release|Any CPU
		{B486514F-93E3-431D-92DA-5D68A0DE75AD}.Debug|Any CPU.ActiveCfg = Debug|Any CPU
		{B486514F-93E3-431D-92DA-5D68A0DE75AD}.Debug|Any CPU.Build.0 = Debug|Any CPU
		{B486514F-93E3-431D-92DA-5D68A0DE75AD}.Release|Any CPU.ActiveCfg = Release|Any CPU
		{B486514F-93E3-431D-92DA-5D68A0DE75AD}.Release|Any CPU.Build.0 = Release|Any CPU
	EndGlobalSection
	GlobalSection(SolutionProperties) = preSolution
		HideSolutionNode = FALSE
	EndGlobalSection
	GlobalSection(ExtensibilityGlobals) = postSolution
		SolutionGuid = {9E4A8EF5-1869-4A68-9BCB-07DC698EAD29}
	EndGlobalSection
EndGlobal
