
Microsoft Visual Studio Solution File, Format Version 12.00
# Visual Studio Version 17
VisualStudioVersion = 17.8.34322.80
MinimumVisualStudioVersion = 10.0.40219.1
Project("{9A19103F-16F7-4668-BE54-9A1E7A4F7556}") = "01.MonsterExtermination", "01.MonsterExtermination\01.MonsterExtermination.csproj", "{14640EF0-1A64-4B55-B389-2563BA1804D3}"
EndProject
Project("{FAE04EC0-301F-11D3-BF4B-00C04F79EFBC}") = "01.TempleOfDoom", "01.TempleOfDoom\01.TempleOfDoom.csproj", "{B0A45796-20DB-4BFD-AED5-270842D694E6}"
EndProject
Global
	GlobalSection(SolutionConfigurationPlatforms) = preSolution
		Debug|Any CPU = Debug|Any CPU
		Release|Any CPU = Release|Any CPU
	EndGlobalSection
	GlobalSection(ProjectConfigurationPlatforms) = postSolution
		{14640EF0-1A64-4B55-B389-2563BA1804D3}.Debug|Any CPU.ActiveCfg = Debug|Any CPU
		{14640EF0-1A64-4B55-B389-2563BA1804D3}.Debug|Any CPU.Build.0 = Debug|Any CPU
		{14640EF0-1A64-4B55-B389-2563BA1804D3}.Release|Any CPU.ActiveCfg = Release|Any CPU
		{14640EF0-1A64-4B55-B389-2563BA1804D3}.Release|Any CPU.Build.0 = Release|Any CPU
		{B0A45796-20DB-4BFD-AED5-270842D694E6}.Debug|Any CPU.ActiveCfg = Debug|Any CPU
		{B0A45796-20DB-4BFD-AED5-270842D694E6}.Debug|Any CPU.Build.0 = Debug|Any CPU
		{B0A45796-20DB-4BFD-AED5-270842D694E6}.Release|Any CPU.ActiveCfg = Release|Any CPU
		{B0A45796-20DB-4BFD-AED5-270842D694E6}.Release|Any CPU.Build.0 = Release|Any CPU
	EndGlobalSection
	GlobalSection(SolutionProperties) = preSolution
		HideSolutionNode = FALSE
	EndGlobalSection
	GlobalSection(ExtensibilityGlobals) = postSolution
		SolutionGuid = {9E4A8EF5-1869-4A68-9BCB-07DC698EAD29}
	EndGlobalSection
EndGlobal
